
Microsoft Visual Studio Solution File, Format Version 12.00
# Visual Studio Version 17
VisualStudioVersion = 17.0.31919.166
MinimumVisualStudioVersion = 10.0.40219.1
Project("{FAE04EC0-301F-11D3-BF4B-00C04F79EFBC}") = "ConsoleApp1", "ConsoleApp1\ConsoleApp1.csproj", "{BBB80088-7E63-498F-A975-4010495AD181}"
EndProject
Project("{FAE04EC0-301F-11D3-BF4B-00C04F79EFBC}") = "4)", "4)\4).csproj", "{EDF0D904-34DE-4E48-A1CD-94476482A931}"
EndProject
Project("{FAE04EC0-301F-11D3-BF4B-00C04F79EFBC}") = "5)", "5)\5).csproj", "{F6F4A096-C32C-4243-8C36-7A94A76B5876}"
EndProject
Project("{FAE04EC0-301F-11D3-BF4B-00C04F79EFBC}") = "6)", "6)\6).csproj", "{50733002-D814-4681-BC58-F423B2F1B56C}"
EndProject
Project("{FAE04EC0-301F-11D3-BF4B-00C04F79EFBC}") = "7)", "7)\7).csproj", "{2787F338-5F5D-4F7B-98ED-FB8136B9D138}"
EndProject
Project("{FAE04EC0-301F-11D3-BF4B-00C04F79EFBC}") = "8)", "8)\8).csproj", "{CBA17BE0-F196-4A54-88E5-DC9076D82700}"
EndProject
Project("{FAE04EC0-301F-11D3-BF4B-00C04F79EFBC}") = "9)", "9)\9).csproj", "{F99FF1CA-47B4-49A1-B371-6E16E6648E56}"
EndProject
Project("{FAE04EC0-301F-11D3-BF4B-00C04F79EFBC}") = "10)", "10)\10).csproj", "{F5D0C3B3-7F0F-4F64-8423-B5AEF9E75E7A}"
EndProject
Project("{FAE04EC0-301F-11D3-BF4B-00C04F79EFBC}") = "11)", "11)\11).csproj", "{988B01D9-EA65-4F16-9BAD-603ABB31B45D}"
EndProject
Project("{FAE04EC0-301F-11D3-BF4B-00C04F79EFBC}") = "12)", "12)\12).csproj", "{9B87CE03-6568-491E-89A8-ADF399EAEB70}"
EndProject
Project("{FAE04EC0-301F-11D3-BF4B-00C04F79EFBC}") = "13)", "13)\13).csproj", "{CF5A37ED-BDCC-46F2-9009-B1FADAE3066D}"
EndProject
Project("{FAE04EC0-301F-11D3-BF4B-00C04F79EFBC}") = "14)", "14)\14).csproj", "{31A8C41E-22E8-4E3C-9D5C-DC4AF308BF47}"
EndProject
Project("{FAE04EC0-301F-11D3-BF4B-00C04F79EFBC}") = "15)", "15)\15).csproj", "{6928D758-2493-4B3F-88CB-801C3CF07908}"
EndProject
Project("{FAE04EC0-301F-11D3-BF4B-00C04F79EFBC}") = "16)", "16)\16).csproj", "{B083A026-83B3-45C5-914C-DCBD9A57A7F7}"
EndProject
Project("{FAE04EC0-301F-11D3-BF4B-00C04F79EFBC}") = "17)", "17)\17).csproj", "{7A1D8A8F-3BAA-4AD5-9FD7-8713FC84EC5D}"
EndProject
Project("{FAE04EC0-301F-11D3-BF4B-00C04F79EFBC}") = "23)", "23)\23).csproj", "{68D02714-4D92-44F1-B820-3B09F080FE8A}"
EndProject
Project("{FAE04EC0-301F-11D3-BF4B-00C04F79EFBC}") = "18)", "18)\18).csproj", "{7071910E-839E-452F-98E1-9DADD3D424BD}"
EndProject
Project("{FAE04EC0-301F-11D3-BF4B-00C04F79EFBC}") = "20)", "20)\20).csproj", "{1357E5A4-93AC-4539-B74D-7606E669D788}"
EndProject
Global
	GlobalSection(SolutionConfigurationPlatforms) = preSolution
		Debug|Any CPU = Debug|Any CPU
		Release|Any CPU = Release|Any CPU
	EndGlobalSection
	GlobalSection(ProjectConfigurationPlatforms) = postSolution
		{BBB80088-7E63-498F-A975-4010495AD181}.Debug|Any CPU.ActiveCfg = Debug|Any CPU
		{BBB80088-7E63-498F-A975-4010495AD181}.Debug|Any CPU.Build.0 = Debug|Any CPU
		{BBB80088-7E63-498F-A975-4010495AD181}.Release|Any CPU.ActiveCfg = Release|Any CPU
		{BBB80088-7E63-498F-A975-4010495AD181}.Release|Any CPU.Build.0 = Release|Any CPU
		{EDF0D904-34DE-4E48-A1CD-94476482A931}.Debug|Any CPU.ActiveCfg = Debug|Any CPU
		{EDF0D904-34DE-4E48-A1CD-94476482A931}.Debug|Any CPU.Build.0 = Debug|Any CPU
		{EDF0D904-34DE-4E48-A1CD-94476482A931}.Release|Any CPU.ActiveCfg = Release|Any CPU
		{EDF0D904-34DE-4E48-A1CD-94476482A931}.Release|Any CPU.Build.0 = Release|Any CPU
		{F6F4A096-C32C-4243-8C36-7A94A76B5876}.Debug|Any CPU.ActiveCfg = Debug|Any CPU
		{F6F4A096-C32C-4243-8C36-7A94A76B5876}.Debug|Any CPU.Build.0 = Debug|Any CPU
		{F6F4A096-C32C-4243-8C36-7A94A76B5876}.Release|Any CPU.ActiveCfg = Release|Any CPU
		{F6F4A096-C32C-4243-8C36-7A94A76B5876}.Release|Any CPU.Build.0 = Release|Any CPU
		{50733002-D814-4681-BC58-F423B2F1B56C}.Debug|Any CPU.ActiveCfg = Debug|Any CPU
		{50733002-D814-4681-BC58-F423B2F1B56C}.Debug|Any CPU.Build.0 = Debug|Any CPU
		{50733002-D814-4681-BC58-F423B2F1B56C}.Release|Any CPU.ActiveCfg = Release|Any CPU
		{50733002-D814-4681-BC58-F423B2F1B56C}.Release|Any CPU.Build.0 = Release|Any CPU
		{2787F338-5F5D-4F7B-98ED-FB8136B9D138}.Debug|Any CPU.ActiveCfg = Debug|Any CPU
		{2787F338-5F5D-4F7B-98ED-FB8136B9D138}.Debug|Any CPU.Build.0 = Debug|Any CPU
		{2787F338-5F5D-4F7B-98ED-FB8136B9D138}.Release|Any CPU.ActiveCfg = Release|Any CPU
		{2787F338-5F5D-4F7B-98ED-FB8136B9D138}.Release|Any CPU.Build.0 = Release|Any CPU
		{CBA17BE0-F196-4A54-88E5-DC9076D82700}.Debug|Any CPU.ActiveCfg = Debug|Any CPU
		{CBA17BE0-F196-4A54-88E5-DC9076D82700}.Debug|Any CPU.Build.0 = Debug|Any CPU
		{CBA17BE0-F196-4A54-88E5-DC9076D82700}.Release|Any CPU.ActiveCfg = Release|Any CPU
		{CBA17BE0-F196-4A54-88E5-DC9076D82700}.Release|Any CPU.Build.0 = Release|Any CPU
		{F99FF1CA-47B4-49A1-B371-6E16E6648E56}.Debug|Any CPU.ActiveCfg = Debug|Any CPU
		{F99FF1CA-47B4-49A1-B371-6E16E6648E56}.Debug|Any CPU.Build.0 = Debug|Any CPU
		{F99FF1CA-47B4-49A1-B371-6E16E6648E56}.Release|Any CPU.ActiveCfg = Release|Any CPU
		{F99FF1CA-47B4-49A1-B371-6E16E6648E56}.Release|Any CPU.Build.0 = Release|Any CPU
		{F5D0C3B3-7F0F-4F64-8423-B5AEF9E75E7A}.Debug|Any CPU.ActiveCfg = Debug|Any CPU
		{F5D0C3B3-7F0F-4F64-8423-B5AEF9E75E7A}.Debug|Any CPU.Build.0 = Debug|Any CPU
		{F5D0C3B3-7F0F-4F64-8423-B5AEF9E75E7A}.Release|Any CPU.ActiveCfg = Release|Any CPU
		{F5D0C3B3-7F0F-4F64-8423-B5AEF9E75E7A}.Release|Any CPU.Build.0 = Release|Any CPU
		{988B01D9-EA65-4F16-9BAD-603ABB31B45D}.Debug|Any CPU.ActiveCfg = Debug|Any CPU
		{988B01D9-EA65-4F16-9BAD-603ABB31B45D}.Debug|Any CPU.Build.0 = Debug|Any CPU
		{988B01D9-EA65-4F16-9BAD-603ABB31B45D}.Release|Any CPU.ActiveCfg = Release|Any CPU
		{988B01D9-EA65-4F16-9BAD-603ABB31B45D}.Release|Any CPU.Build.0 = Release|Any CPU
		{9B87CE03-6568-491E-89A8-ADF399EAEB70}.Debug|Any CPU.ActiveCfg = Debug|Any CPU
		{9B87CE03-6568-491E-89A8-ADF399EAEB70}.Debug|Any CPU.Build.0 = Debug|Any CPU
		{9B87CE03-6568-491E-89A8-ADF399EAEB70}.Release|Any CPU.ActiveCfg = Release|Any CPU
		{9B87CE03-6568-491E-89A8-ADF399EAEB70}.Release|Any CPU.Build.0 = Release|Any CPU
		{CF5A37ED-BDCC-46F2-9009-B1FADAE3066D}.Debug|Any CPU.ActiveCfg = Debug|Any CPU
		{CF5A37ED-BDCC-46F2-9009-B1FADAE3066D}.Debug|Any CPU.Build.0 = Debug|Any CPU
		{CF5A37ED-BDCC-46F2-9009-B1FADAE3066D}.Release|Any CPU.ActiveCfg = Release|Any CPU
		{CF5A37ED-BDCC-46F2-9009-B1FADAE3066D}.Release|Any CPU.Build.0 = Release|Any CPU
		{31A8C41E-22E8-4E3C-9D5C-DC4AF308BF47}.Debug|Any CPU.ActiveCfg = Debug|Any CPU
		{31A8C41E-22E8-4E3C-9D5C-DC4AF308BF47}.Debug|Any CPU.Build.0 = Debug|Any CPU
		{31A8C41E-22E8-4E3C-9D5C-DC4AF308BF47}.Release|Any CPU.ActiveCfg = Release|Any CPU
		{31A8C41E-22E8-4E3C-9D5C-DC4AF308BF47}.Release|Any CPU.Build.0 = Release|Any CPU
		{6928D758-2493-4B3F-88CB-801C3CF07908}.Debug|Any CPU.ActiveCfg = Debug|Any CPU
		{6928D758-2493-4B3F-88CB-801C3CF07908}.Debug|Any CPU.Build.0 = Debug|Any CPU
		{6928D758-2493-4B3F-88CB-801C3CF07908}.Release|Any CPU.ActiveCfg = Release|Any CPU
		{6928D758-2493-4B3F-88CB-801C3CF07908}.Release|Any CPU.Build.0 = Release|Any CPU
		{B083A026-83B3-45C5-914C-DCBD9A57A7F7}.Debug|Any CPU.ActiveCfg = Debug|Any CPU
		{B083A026-83B3-45C5-914C-DCBD9A57A7F7}.Debug|Any CPU.Build.0 = Debug|Any CPU
		{B083A026-83B3-45C5-914C-DCBD9A57A7F7}.Release|Any CPU.ActiveCfg = Release|Any CPU
		{B083A026-83B3-45C5-914C-DCBD9A57A7F7}.Release|Any CPU.Build.0 = Release|Any CPU
		{7A1D8A8F-3BAA-4AD5-9FD7-8713FC84EC5D}.Debug|Any CPU.ActiveCfg = Debug|Any CPU
		{7A1D8A8F-3BAA-4AD5-9FD7-8713FC84EC5D}.Debug|Any CPU.Build.0 = Debug|Any CPU
		{7A1D8A8F-3BAA-4AD5-9FD7-8713FC84EC5D}.Release|Any CPU.ActiveCfg = Release|Any CPU
		{7A1D8A8F-3BAA-4AD5-9FD7-8713FC84EC5D}.Release|Any CPU.Build.0 = Release|Any CPU
		{68D02714-4D92-44F1-B820-3B09F080FE8A}.Debug|Any CPU.ActiveCfg = Debug|Any CPU
		{68D02714-4D92-44F1-B820-3B09F080FE8A}.Debug|Any CPU.Build.0 = Debug|Any CPU
		{68D02714-4D92-44F1-B820-3B09F080FE8A}.Release|Any CPU.ActiveCfg = Release|Any CPU
		{68D02714-4D92-44F1-B820-3B09F080FE8A}.Release|Any CPU.Build.0 = Release|Any CPU
		{7071910E-839E-452F-98E1-9DADD3D424BD}.Debug|Any CPU.ActiveCfg = Debug|Any CPU
		{7071910E-839E-452F-98E1-9DADD3D424BD}.Debug|Any CPU.Build.0 = Debug|Any CPU
		{7071910E-839E-452F-98E1-9DADD3D424BD}.Release|Any CPU.ActiveCfg = Release|Any CPU
		{7071910E-839E-452F-98E1-9DADD3D424BD}.Release|Any CPU.Build.0 = Release|Any CPU
		{1357E5A4-93AC-4539-B74D-7606E669D788}.Debug|Any CPU.ActiveCfg = Debug|Any CPU
		{1357E5A4-93AC-4539-B74D-7606E669D788}.Debug|Any CPU.Build.0 = Debug|Any CPU
		{1357E5A4-93AC-4539-B74D-7606E669D788}.Release|Any CPU.ActiveCfg = Release|Any CPU
		{1357E5A4-93AC-4539-B74D-7606E669D788}.Release|Any CPU.Build.0 = Release|Any CPU
	EndGlobalSection
	GlobalSection(SolutionProperties) = preSolution
		HideSolutionNode = FALSE
	EndGlobalSection
	GlobalSection(ExtensibilityGlobals) = postSolution
		SolutionGuid = {99A658F0-955C-4F68-AC94-4A381A492067}
	EndGlobalSection
EndGlobal
